Microsoft Visual Studio Solution File, Format Version 12.00
# Visual Studio Version 17
VisualStudioVersion = 17.5.2.0
MinimumVisualStudioVersion = 10.0.40219.1
Project("{FAE04EC0-301F-11D3-BF4B-00C04F79EFBC}") = "WpfEfCoreSample", "WpfEfCoreSample\WpfEfCoreSample.csproj", "{79B27C13-F2A5-7405-B6B2-FE5D048DCA8B}"
EndProject
Global
	GlobalSection(SolutionConfigurationPlatforms) = preSolution
		Debug|Any CPU = Debug|Any CPU
		Release|Any CPU = Release|Any CPU
	EndGlobalSection
	GlobalSection(ProjectConfigurationPlatforms) = postSolution
		{79B27C13-F2A5-7405-B6B2-FE5D048DCA8B}.Debug|Any CPU.ActiveCfg = Debug|Any CPU
		{79B27C13-F2A5-7405-B6B2-FE5D048DCA8B}.Debug|Any CPU.Build.0 = Debug|Any CPU
		{79B27C13-F2A5-7405-B6B2-FE5D048DCA8B}.Release|Any CPU.ActiveCfg = Release|Any CPU
		{79B27C13-F2A5-7405-B6B2-FE5D048DCA8B}.Release|Any CPU.Build.0 = Release|Any CPU
	EndGlobalSection
	GlobalSection(SolutionProperties) = preSolution
		HideSolutionNode = FALSE
	EndGlobalSection
	GlobalSection(ExtensibilityGlobals) = postSolution
		SolutionGuid = {02A064D7-BDB4-4BCD-BDCE-957596A49C05}
	EndGlobalSection
EndGlobal
